
Microsoft Visual Studio Solution File, Format Version 12.00
# Visual Studio 15
VisualStudioVersion = 15.0.28307.136
MinimumVisualStudioVersion = 10.0.40219.1
Project("{8BC9CEB8-8B4A-11D0-8D11-00A0C91BC942}") = "graphic", "graphic\graphic.vcxproj", "{195EDF02-5A34-45F3-9330-DA6ED8CEB4DE}"
	ProjectSection(ProjectDependencies) = postProject
		{7CC2860A-273F-4908-8235-1EC880D13346} = {7CC2860A-273F-4908-8235-1EC880D13346}
	EndProjectSection
EndProject
Project("{8BC9CEB8-8B4A-11D0-8D11-00A0C91BC942}") = "auxtools", "auxtools\auxtools.vcxproj", "{6A6AC2F6-328C-4B0D-BD6F-84C9C5B9BBBA}"
EndProject
Project("{8BC9CEB8-8B4A-11D0-8D11-00A0C91BC942}") = "astro", "astro\astro.vcxproj", "{E7C76931-F5F2-493F-AD17-A592D6DC20DC}"
EndProject
Project("{8BC9CEB8-8B4A-11D0-8D11-00A0C91BC942}") = "logger", "logger\logger.vcxproj", "{4081A07D-A03F-4E9A-AEF9-2D8E303311A9}"
EndProject
Project("{8BC9CEB8-8B4A-11D0-8D11-00A0C91BC942}") = "socket", "socket\socket.vcxproj", "{7B39960B-D346-465D-A9D0-8FDA45A62664}"
EndProject
Project("{8BC9CEB8-8B4A-11D0-8D11-00A0C91BC942}") = "sound", "sound\sound.vcxproj", "{7CC2860A-273F-4908-8235-1EC880D13346}"
	ProjectSection(ProjectDependencies) = postProject
		{3A214E06-B95E-4D61-A291-1F8DF2EC10FD} = {3A214E06-B95E-4D61-A291-1F8DF2EC10FD}
		{CEBDE98B-A6AA-46E6-BC79-FAAF823DB9EC} = {CEBDE98B-A6AA-46E6-BC79-FAAF823DB9EC}
		{15CBFEFF-7965-41F5-B4E2-21E8795C9159} = {15CBFEFF-7965-41F5-B4E2-21E8795C9159}
	EndProjectSection
EndProject
Project("{8BC9CEB8-8B4A-11D0-8D11-00A0C91BC942}") = "mjcore", "mjcore\mjcore.vcxproj", "{A1E77779-D7A8-4C1C-9D52-53586D6AA58A}"
	ProjectSection(ProjectDependencies) = postProject
		{195EDF02-5A34-45F3-9330-DA6ED8CEB4DE} = {195EDF02-5A34-45F3-9330-DA6ED8CEB4DE}
		{7CC2860A-273F-4908-8235-1EC880D13346} = {7CC2860A-273F-4908-8235-1EC880D13346}
		{7B39960B-D346-465D-A9D0-8FDA45A62664} = {7B39960B-D346-465D-A9D0-8FDA45A62664}
		{E7C76931-F5F2-493F-AD17-A592D6DC20DC} = {E7C76931-F5F2-493F-AD17-A592D6DC20DC}
		{6A6AC2F6-328C-4B0D-BD6F-84C9C5B9BBBA} = {6A6AC2F6-328C-4B0D-BD6F-84C9C5B9BBBA}
	EndProjectSection
EndProject
Project("{8BC9CEB8-8B4A-11D0-8D11-00A0C91BC942}") = "mihajong", "mihajong\mihajong.vcxproj", "{C808268F-5339-46B2-A811-1DECCEE1191D}"
	ProjectSection(ProjectDependencies) = postProject
		{195EDF02-5A34-45F3-9330-DA6ED8CEB4DE} = {195EDF02-5A34-45F3-9330-DA6ED8CEB4DE}
		{A1E77779-D7A8-4C1C-9D52-53586D6AA58A} = {A1E77779-D7A8-4C1C-9D52-53586D6AA58A}
	EndProjectSection
EndProject
Project("{8BC9CEB8-8B4A-11D0-8D11-00A0C91BC942}") = "mihasanm", "mihajong\mihasanm.vcxproj", "{17AF237F-8B6D-406A-8A56-987D03D3397F}"
	ProjectSection(ProjectDependencies) = postProject
		{195EDF02-5A34-45F3-9330-DA6ED8CEB4DE} = {195EDF02-5A34-45F3-9330-DA6ED8CEB4DE}
		{A1E77779-D7A8-4C1C-9D52-53586D6AA58A} = {A1E77779-D7A8-4C1C-9D52-53586D6AA58A}
		{C808268F-5339-46B2-A811-1DECCEE1191D} = {C808268F-5339-46B2-A811-1DECCEE1191D}
	EndProjectSection
EndProject
Project("{8BC9CEB8-8B4A-11D0-8D11-00A0C91BC942}") = "mihaysnm", "mihajong\mihaysnm.vcxproj", "{27244CEE-FABD-4DBB-B22B-62EDE623C754}"
	ProjectSection(ProjectDependencies) = postProject
		{195EDF02-5A34-45F3-9330-DA6ED8CEB4DE} = {195EDF02-5A34-45F3-9330-DA6ED8CEB4DE}
		{A1E77779-D7A8-4C1C-9D52-53586D6AA58A} = {A1E77779-D7A8-4C1C-9D52-53586D6AA58A}
		{17AF237F-8B6D-406A-8A56-987D03D3397F} = {17AF237F-8B6D-406A-8A56-987D03D3397F}
		{C808268F-5339-46B2-A811-1DECCEE1191D} = {C808268F-5339-46B2-A811-1DECCEE1191D}
	EndProjectSection
EndProject
Project("{8BC9CEB8-8B4A-11D0-8D11-00A0C91BC942}") = "mihassnm", "mihajong\mihassnm.vcxproj", "{8C453D50-8E79-4AF7-8BD3-69955DAF3C6D}"
	ProjectSection(ProjectDependencies) = postProject
		{195EDF02-5A34-45F3-9330-DA6ED8CEB4DE} = {195EDF02-5A34-45F3-9330-DA6ED8CEB4DE}
		{A1E77779-D7A8-4C1C-9D52-53586D6AA58A} = {A1E77779-D7A8-4C1C-9D52-53586D6AA58A}
		{17AF237F-8B6D-406A-8A56-987D03D3397F} = {17AF237F-8B6D-406A-8A56-987D03D3397F}
		{C808268F-5339-46B2-A811-1DECCEE1191D} = {C808268F-5339-46B2-A811-1DECCEE1191D}
		{27244CEE-FABD-4DBB-B22B-62EDE623C754} = {27244CEE-FABD-4DBB-B22B-62EDE623C754}
	EndProjectSection
EndProject
Project("{8BC9CEB8-8B4A-11D0-8D11-00A0C91BC942}") = "dist", "dist\dist.vcxproj", "{F28EB6AD-D7E5-44D5-A524-A8A83A6717E4}"
	ProjectSection(ProjectDependencies) = postProject
		{195EDF02-5A34-45F3-9330-DA6ED8CEB4DE} = {195EDF02-5A34-45F3-9330-DA6ED8CEB4DE}
		{7CC2860A-273F-4908-8235-1EC880D13346} = {7CC2860A-273F-4908-8235-1EC880D13346}
		{7B39960B-D346-465D-A9D0-8FDA45A62664} = {7B39960B-D346-465D-A9D0-8FDA45A62664}
		{B8BE6218-14FF-4C17-9213-3D99E093EF86} = {B8BE6218-14FF-4C17-9213-3D99E093EF86}
		{E7C76931-F5F2-493F-AD17-A592D6DC20DC} = {E7C76931-F5F2-493F-AD17-A592D6DC20DC}
		{3C096F3C-4160-4242-A143-BFC5108A9297} = {3C096F3C-4160-4242-A143-BFC5108A9297}
		{8C453D50-8E79-4AF7-8BD3-69955DAF3C6D} = {8C453D50-8E79-4AF7-8BD3-69955DAF3C6D}
		{A1E77779-D7A8-4C1C-9D52-53586D6AA58A} = {A1E77779-D7A8-4C1C-9D52-53586D6AA58A}
		{17AF237F-8B6D-406A-8A56-987D03D3397F} = {17AF237F-8B6D-406A-8A56-987D03D3397F}
		{C808268F-5339-46B2-A811-1DECCEE1191D} = {C808268F-5339-46B2-A811-1DECCEE1191D}
		{27244CEE-FABD-4DBB-B22B-62EDE623C754} = {27244CEE-FABD-4DBB-B22B-62EDE623C754}
		{6A6AC2F6-328C-4B0D-BD6F-84C9C5B9BBBA} = {6A6AC2F6-328C-4B0D-BD6F-84C9C5B9BBBA}
	EndProjectSection
EndProject
Project("{8BC9CEB8-8B4A-11D0-8D11-00A0C91BC942}") = "mjcoregb", "mjcoregb\mjcoregb.vcxproj", "{B8BE6218-14FF-4C17-9213-3D99E093EF86}"
	ProjectSection(ProjectDependencies) = postProject
		{195EDF02-5A34-45F3-9330-DA6ED8CEB4DE} = {195EDF02-5A34-45F3-9330-DA6ED8CEB4DE}
		{7CC2860A-273F-4908-8235-1EC880D13346} = {7CC2860A-273F-4908-8235-1EC880D13346}
		{7B39960B-D346-465D-A9D0-8FDA45A62664} = {7B39960B-D346-465D-A9D0-8FDA45A62664}
		{E7C76931-F5F2-493F-AD17-A592D6DC20DC} = {E7C76931-F5F2-493F-AD17-A592D6DC20DC}
		{A1E77779-D7A8-4C1C-9D52-53586D6AA58A} = {A1E77779-D7A8-4C1C-9D52-53586D6AA58A}
		{6A6AC2F6-328C-4B0D-BD6F-84C9C5B9BBBA} = {6A6AC2F6-328C-4B0D-BD6F-84C9C5B9BBBA}
	EndProjectSection
EndProject
Project("{8BC9CEB8-8B4A-11D0-8D11-00A0C91BC942}") = "mihagbmj", "mihajong\mihagbmj.vcxproj", "{3C096F3C-4160-4242-A143-BFC5108A9297}"
	ProjectSection(ProjectDependencies) = postProject
		{195EDF02-5A34-45F3-9330-DA6ED8CEB4DE} = {195EDF02-5A34-45F3-9330-DA6ED8CEB4DE}
		{B8BE6218-14FF-4C17-9213-3D99E093EF86} = {B8BE6218-14FF-4C17-9213-3D99E093EF86}
		{B767D341-29D6-4790-9C5C-C5151C867175} = {B767D341-29D6-4790-9C5C-C5151C867175}
		{8C453D50-8E79-4AF7-8BD3-69955DAF3C6D} = {8C453D50-8E79-4AF7-8BD3-69955DAF3C6D}
		{17AF237F-8B6D-406A-8A56-987D03D3397F} = {17AF237F-8B6D-406A-8A56-987D03D3397F}
		{C808268F-5339-46B2-A811-1DECCEE1191D} = {C808268F-5339-46B2-A811-1DECCEE1191D}
		{27244CEE-FABD-4DBB-B22B-62EDE623C754} = {27244CEE-FABD-4DBB-B22B-62EDE623C754}
	EndProjectSection
EndProject
Project("{8BC9CEB8-8B4A-11D0-8D11-00A0C91BC942}") = "config", "config\config.vcxproj", "{239083E7-5779-4C04-ACB6-3D6CB1F43F54}"
EndProject
Project("{8BC9CEB8-8B4A-11D0-8D11-00A0C91BC942}") = "mihastsm", "mihajong\mihastsm.vcxproj", "{B767D341-29D6-4790-9C5C-C5151C867175}"
	ProjectSection(ProjectDependencies) = postProject
		{195EDF02-5A34-45F3-9330-DA6ED8CEB4DE} = {195EDF02-5A34-45F3-9330-DA6ED8CEB4DE}
		{8C453D50-8E79-4AF7-8BD3-69955DAF3C6D} = {8C453D50-8E79-4AF7-8BD3-69955DAF3C6D}
		{A1E77779-D7A8-4C1C-9D52-53586D6AA58A} = {A1E77779-D7A8-4C1C-9D52-53586D6AA58A}
		{17AF237F-8B6D-406A-8A56-987D03D3397F} = {17AF237F-8B6D-406A-8A56-987D03D3397F}
		{C808268F-5339-46B2-A811-1DECCEE1191D} = {C808268F-5339-46B2-A811-1DECCEE1191D}
		{27244CEE-FABD-4DBB-B22B-62EDE623C754} = {27244CEE-FABD-4DBB-B22B-62EDE623C754}
	EndProjectSection
EndProject
Project("{2150E333-8FDC-42A3-9474-1A3956D46DE8}") = "libogg", "libogg", "{D2C06A46-BBE9-4FF1-A617-25CF5B2780FC}"
EndProject
Project("{8BC9CEB8-8B4A-11D0-8D11-00A0C91BC942}") = "libogg", "sound\libogg\win32\VS2015\libogg.vcxproj", "{15CBFEFF-7965-41F5-B4E2-21E8795C9159}"
EndProject
Project("{2150E333-8FDC-42A3-9474-1A3956D46DE8}") = "libvorbis", "libvorbis", "{719719CE-89DD-4DE1-96C9-26711A126330}"
EndProject
Project("{8BC9CEB8-8B4A-11D0-8D11-00A0C91BC942}") = "libvorbis_static", "sound\libvorbis\win32\VS2010\libvorbis\libvorbis_static.vcxproj", "{3A214E06-B95E-4D61-A291-1F8DF2EC10FD}"
EndProject
Project("{8BC9CEB8-8B4A-11D0-8D11-00A0C91BC942}") = "libvorbisfile", "sound\libvorbis\win32\VS2010\libvorbisfile\libvorbisfile_static.vcxproj", "{CEBDE98B-A6AA-46E6-BC79-FAAF823DB9EC}"
EndProject
Global
	GlobalSection(SolutionConfigurationPlatforms) = preSolution
		Debug|Win32 = Debug|Win32
		Debug|x64 = Debug|x64
		Release|Win32 = Release|Win32
		Release|x64 = Release|x64
	EndGlobalSection
	GlobalSection(ProjectConfigurationPlatforms) = postSolution
		{195EDF02-5A34-45F3-9330-DA6ED8CEB4DE}.Debug|Win32.ActiveCfg = Debug|Win32
		{195EDF02-5A34-45F3-9330-DA6ED8CEB4DE}.Debug|Win32.Build.0 = Debug|Win32
		{195EDF02-5A34-45F3-9330-DA6ED8CEB4DE}.Debug|x64.ActiveCfg = Debug|x64
		{195EDF02-5A34-45F3-9330-DA6ED8CEB4DE}.Debug|x64.Build.0 = Debug|x64
		{195EDF02-5A34-45F3-9330-DA6ED8CEB4DE}.Release|Win32.ActiveCfg = Release|Win32
		{195EDF02-5A34-45F3-9330-DA6ED8CEB4DE}.Release|Win32.Build.0 = Release|Win32
		{195EDF02-5A34-45F3-9330-DA6ED8CEB4DE}.Release|x64.ActiveCfg = Release|x64
		{195EDF02-5A34-45F3-9330-DA6ED8CEB4DE}.Release|x64.Build.0 = Release|x64
		{6A6AC2F6-328C-4B0D-BD6F-84C9C5B9BBBA}.Debug|Win32.ActiveCfg = Debug|Win32
		{6A6AC2F6-328C-4B0D-BD6F-84C9C5B9BBBA}.Debug|Win32.Build.0 = Debug|Win32
		{6A6AC2F6-328C-4B0D-BD6F-84C9C5B9BBBA}.Debug|x64.ActiveCfg = Debug|x64
		{6A6AC2F6-328C-4B0D-BD6F-84C9C5B9BBBA}.Debug|x64.Build.0 = Debug|x64
		{6A6AC2F6-328C-4B0D-BD6F-84C9C5B9BBBA}.Release|Win32.ActiveCfg = Release|Win32
		{6A6AC2F6-328C-4B0D-BD6F-84C9C5B9BBBA}.Release|Win32.Build.0 = Release|Win32
		{6A6AC2F6-328C-4B0D-BD6F-84C9C5B9BBBA}.Release|x64.ActiveCfg = Release|x64
		{6A6AC2F6-328C-4B0D-BD6F-84C9C5B9BBBA}.Release|x64.Build.0 = Release|x64
		{E7C76931-F5F2-493F-AD17-A592D6DC20DC}.Debug|Win32.ActiveCfg = Debug|Win32
		{E7C76931-F5F2-493F-AD17-A592D6DC20DC}.Debug|Win32.Build.0 = Debug|Win32
		{E7C76931-F5F2-493F-AD17-A592D6DC20DC}.Debug|x64.ActiveCfg = Debug|x64
		{E7C76931-F5F2-493F-AD17-A592D6DC20DC}.Debug|x64.Build.0 = Debug|x64
		{E7C76931-F5F2-493F-AD17-A592D6DC20DC}.Release|Win32.ActiveCfg = Release|Win32
		{E7C76931-F5F2-493F-AD17-A592D6DC20DC}.Release|Win32.Build.0 = Release|Win32
		{E7C76931-F5F2-493F-AD17-A592D6DC20DC}.Release|x64.ActiveCfg = Release|x64
		{E7C76931-F5F2-493F-AD17-A592D6DC20DC}.Release|x64.Build.0 = Release|x64
		{4081A07D-A03F-4E9A-AEF9-2D8E303311A9}.Debug|Win32.ActiveCfg = Debug|Win32
		{4081A07D-A03F-4E9A-AEF9-2D8E303311A9}.Debug|Win32.Build.0 = Debug|Win32
		{4081A07D-A03F-4E9A-AEF9-2D8E303311A9}.Debug|x64.ActiveCfg = Debug|x64
		{4081A07D-A03F-4E9A-AEF9-2D8E303311A9}.Debug|x64.Build.0 = Debug|x64
		{4081A07D-A03F-4E9A-AEF9-2D8E303311A9}.Release|Win32.ActiveCfg = Release|Win32
		{4081A07D-A03F-4E9A-AEF9-2D8E303311A9}.Release|x64.ActiveCfg = Release|x64
		{7B39960B-D346-465D-A9D0-8FDA45A62664}.Debug|Win32.ActiveCfg = Debug|Win32
		{7B39960B-D346-465D-A9D0-8FDA45A62664}.Debug|Win32.Build.0 = Debug|Win32
		{7B39960B-D346-465D-A9D0-8FDA45A62664}.Debug|x64.ActiveCfg = Debug|x64
		{7B39960B-D346-465D-A9D0-8FDA45A62664}.Debug|x64.Build.0 = Debug|x64
		{7B39960B-D346-465D-A9D0-8FDA45A62664}.Release|Win32.ActiveCfg = Release|Win32
		{7B39960B-D346-465D-A9D0-8FDA45A62664}.Release|Win32.Build.0 = Release|Win32
		{7B39960B-D346-465D-A9D0-8FDA45A62664}.Release|x64.ActiveCfg = Release|x64
		{7B39960B-D346-465D-A9D0-8FDA45A62664}.Release|x64.Build.0 = Release|x64
		{7CC2860A-273F-4908-8235-1EC880D13346}.Debug|Win32.ActiveCfg = Debug|Win32
		{7CC2860A-273F-4908-8235-1EC880D13346}.Debug|Win32.Build.0 = Debug|Win32
		{7CC2860A-273F-4908-8235-1EC880D13346}.Debug|x64.ActiveCfg = Debug|x64
		{7CC2860A-273F-4908-8235-1EC880D13346}.Debug|x64.Build.0 = Debug|x64
		{7CC2860A-273F-4908-8235-1EC880D13346}.Release|Win32.ActiveCfg = Release|Win32
		{7CC2860A-273F-4908-8235-1EC880D13346}.Release|Win32.Build.0 = Release|Win32
		{7CC2860A-273F-4908-8235-1EC880D13346}.Release|x64.ActiveCfg = Release|x64
		{7CC2860A-273F-4908-8235-1EC880D13346}.Release|x64.Build.0 = Release|x64
		{A1E77779-D7A8-4C1C-9D52-53586D6AA58A}.Debug|Win32.ActiveCfg = Debug|Win32
		{A1E77779-D7A8-4C1C-9D52-53586D6AA58A}.Debug|Win32.Build.0 = Debug|Win32
		{A1E77779-D7A8-4C1C-9D52-53586D6AA58A}.Debug|x64.ActiveCfg = Debug|x64
		{A1E77779-D7A8-4C1C-9D52-53586D6AA58A}.Debug|x64.Build.0 = Debug|x64
		{A1E77779-D7A8-4C1C-9D52-53586D6AA58A}.Release|Win32.ActiveCfg = Release|Win32
		{A1E77779-D7A8-4C1C-9D52-53586D6AA58A}.Release|Win32.Build.0 = Release|Win32
		{A1E77779-D7A8-4C1C-9D52-53586D6AA58A}.Release|x64.ActiveCfg = Release|x64
		{A1E77779-D7A8-4C1C-9D52-53586D6AA58A}.Release|x64.Build.0 = Release|x64
		{C808268F-5339-46B2-A811-1DECCEE1191D}.Debug|Win32.ActiveCfg = Debug|Win32
		{C808268F-5339-46B2-A811-1DECCEE1191D}.Debug|Win32.Build.0 = Debug|Win32
		{C808268F-5339-46B2-A811-1DECCEE1191D}.Debug|x64.ActiveCfg = Debug|x64
		{C808268F-5339-46B2-A811-1DECCEE1191D}.Debug|x64.Build.0 = Debug|x64
		{C808268F-5339-46B2-A811-1DECCEE1191D}.Release|Win32.ActiveCfg = Release|Win32
		{C808268F-5339-46B2-A811-1DECCEE1191D}.Release|Win32.Build.0 = Release|Win32
		{C808268F-5339-46B2-A811-1DECCEE1191D}.Release|x64.ActiveCfg = Release|x64
		{C808268F-5339-46B2-A811-1DECCEE1191D}.Release|x64.Build.0 = Release|x64
		{17AF237F-8B6D-406A-8A56-987D03D3397F}.Debug|Win32.ActiveCfg = Debug|Win32
		{17AF237F-8B6D-406A-8A56-987D03D3397F}.Debug|Win32.Build.0 = Debug|Win32
		{17AF237F-8B6D-406A-8A56-987D03D3397F}.Debug|x64.ActiveCfg = Debug|x64
		{17AF237F-8B6D-406A-8A56-987D03D3397F}.Debug|x64.Build.0 = Debug|x64
		{17AF237F-8B6D-406A-8A56-987D03D3397F}.Release|Win32.ActiveCfg = Release|Win32
		{17AF237F-8B6D-406A-8A56-987D03D3397F}.Release|Win32.Build.0 = Release|Win32
		{17AF237F-8B6D-406A-8A56-987D03D3397F}.Release|x64.ActiveCfg = Release|x64
		{17AF237F-8B6D-406A-8A56-987D03D3397F}.Release|x64.Build.0 = Release|x64
		{27244CEE-FABD-4DBB-B22B-62EDE623C754}.Debug|Win32.ActiveCfg = Debug|Win32
		{27244CEE-FABD-4DBB-B22B-62EDE623C754}.Debug|Win32.Build.0 = Debug|Win32
		{27244CEE-FABD-4DBB-B22B-62EDE623C754}.Debug|x64.ActiveCfg = Debug|x64
		{27244CEE-FABD-4DBB-B22B-62EDE623C754}.Debug|x64.Build.0 = Debug|x64
		{27244CEE-FABD-4DBB-B22B-62EDE623C754}.Release|Win32.ActiveCfg = Release|Win32
		{27244CEE-FABD-4DBB-B22B-62EDE623C754}.Release|Win32.Build.0 = Release|Win32
		{27244CEE-FABD-4DBB-B22B-62EDE623C754}.Release|x64.ActiveCfg = Release|x64
		{27244CEE-FABD-4DBB-B22B-62EDE623C754}.Release|x64.Build.0 = Release|x64
		{8C453D50-8E79-4AF7-8BD3-69955DAF3C6D}.Debug|Win32.ActiveCfg = Debug|Win32
		{8C453D50-8E79-4AF7-8BD3-69955DAF3C6D}.Debug|Win32.Build.0 = Debug|Win32
		{8C453D50-8E79-4AF7-8BD3-69955DAF3C6D}.Debug|x64.ActiveCfg = Debug|x64
		{8C453D50-8E79-4AF7-8BD3-69955DAF3C6D}.Debug|x64.Build.0 = Debug|x64
		{8C453D50-8E79-4AF7-8BD3-69955DAF3C6D}.Release|Win32.ActiveCfg = Release|Win32
		{8C453D50-8E79-4AF7-8BD3-69955DAF3C6D}.Release|Win32.Build.0 = Release|Win32
		{8C453D50-8E79-4AF7-8BD3-69955DAF3C6D}.Release|x64.ActiveCfg = Release|x64
		{8C453D50-8E79-4AF7-8BD3-69955DAF3C6D}.Release|x64.Build.0 = Release|x64
		{F28EB6AD-D7E5-44D5-A524-A8A83A6717E4}.Debug|Win32.ActiveCfg = Release|Win32
		{F28EB6AD-D7E5-44D5-A524-A8A83A6717E4}.Debug|x64.ActiveCfg = Release|x64
		{F28EB6AD-D7E5-44D5-A524-A8A83A6717E4}.Release|Win32.ActiveCfg = Release|Win32
		{F28EB6AD-D7E5-44D5-A524-A8A83A6717E4}.Release|Win32.Build.0 = Release|Win32
		{F28EB6AD-D7E5-44D5-A524-A8A83A6717E4}.Release|x64.ActiveCfg = Release|x64
		{F28EB6AD-D7E5-44D5-A524-A8A83A6717E4}.Release|x64.Build.0 = Release|x64
		{B8BE6218-14FF-4C17-9213-3D99E093EF86}.Debug|Win32.ActiveCfg = Debug|Win32
		{B8BE6218-14FF-4C17-9213-3D99E093EF86}.Debug|Win32.Build.0 = Debug|Win32
		{B8BE6218-14FF-4C17-9213-3D99E093EF86}.Debug|x64.ActiveCfg = Debug|x64
		{B8BE6218-14FF-4C17-9213-3D99E093EF86}.Debug|x64.Build.0 = Debug|x64
		{B8BE6218-14FF-4C17-9213-3D99E093EF86}.Release|Win32.ActiveCfg = Release|Win32
		{B8BE6218-14FF-4C17-9213-3D99E093EF86}.Release|Win32.Build.0 = Release|Win32
		{B8BE6218-14FF-4C17-9213-3D99E093EF86}.Release|x64.ActiveCfg = Release|x64
		{B8BE6218-14FF-4C17-9213-3D99E093EF86}.Release|x64.Build.0 = Release|x64
		{3C096F3C-4160-4242-A143-BFC5108A9297}.Debug|Win32.ActiveCfg = Debug|Win32
		{3C096F3C-4160-4242-A143-BFC5108A9297}.Debug|Win32.Build.0 = Debug|Win32
		{3C096F3C-4160-4242-A143-BFC5108A9297}.Debug|x64.ActiveCfg = Debug|x64
		{3C096F3C-4160-4242-A143-BFC5108A9297}.Debug|x64.Build.0 = Debug|x64
		{3C096F3C-4160-4242-A143-BFC5108A9297}.Release|Win32.ActiveCfg = Release|Win32
		{3C096F3C-4160-4242-A143-BFC5108A9297}.Release|Win32.Build.0 = Release|Win32
		{3C096F3C-4160-4242-A143-BFC5108A9297}.Release|x64.ActiveCfg = Release|x64
		{3C096F3C-4160-4242-A143-BFC5108A9297}.Release|x64.Build.0 = Release|x64
		{239083E7-5779-4C04-ACB6-3D6CB1F43F54}.Debug|Win32.ActiveCfg = Debug|Win32
		{239083E7-5779-4C04-ACB6-3D6CB1F43F54}.Debug|Win32.Build.0 = Debug|Win32
		{239083E7-5779-4C04-ACB6-3D6CB1F43F54}.Debug|x64.ActiveCfg = Debug|x64
		{239083E7-5779-4C04-ACB6-3D6CB1F43F54}.Debug|x64.Build.0 = Debug|x64
		{239083E7-5779-4C04-ACB6-3D6CB1F43F54}.Release|Win32.ActiveCfg = Release|Win32
		{239083E7-5779-4C04-ACB6-3D6CB1F43F54}.Release|Win32.Build.0 = Release|Win32
		{239083E7-5779-4C04-ACB6-3D6CB1F43F54}.Release|x64.ActiveCfg = Release|x64
		{239083E7-5779-4C04-ACB6-3D6CB1F43F54}.Release|x64.Build.0 = Release|x64
		{B767D341-29D6-4790-9C5C-C5151C867175}.Debug|Win32.ActiveCfg = Debug|Win32
		{B767D341-29D6-4790-9C5C-C5151C867175}.Debug|Win32.Build.0 = Debug|Win32
		{B767D341-29D6-4790-9C5C-C5151C867175}.Debug|x64.ActiveCfg = Debug|x64
		{B767D341-29D6-4790-9C5C-C5151C867175}.Debug|x64.Build.0 = Debug|x64
		{B767D341-29D6-4790-9C5C-C5151C867175}.Release|Win32.ActiveCfg = Release|Win32
		{B767D341-29D6-4790-9C5C-C5151C867175}.Release|Win32.Build.0 = Release|Win32
		{B767D341-29D6-4790-9C5C-C5151C867175}.Release|x64.ActiveCfg = Release|x64
		{B767D341-29D6-4790-9C5C-C5151C867175}.Release|x64.Build.0 = Release|x64
		{15CBFEFF-7965-41F5-B4E2-21E8795C9159}.Debug|Win32.ActiveCfg = Debug|Win32
		{15CBFEFF-7965-41F5-B4E2-21E8795C9159}.Debug|Win32.Build.0 = Debug|Win32
		{15CBFEFF-7965-41F5-B4E2-21E8795C9159}.Debug|x64.ActiveCfg = Debug|x64
		{15CBFEFF-7965-41F5-B4E2-21E8795C9159}.Debug|x64.Build.0 = Debug|x64
		{15CBFEFF-7965-41F5-B4E2-21E8795C9159}.Release|Win32.ActiveCfg = Release|Win32
		{15CBFEFF-7965-41F5-B4E2-21E8795C9159}.Release|Win32.Build.0 = Release|Win32
		{15CBFEFF-7965-41F5-B4E2-21E8795C9159}.Release|x64.ActiveCfg = Release|x64
		{15CBFEFF-7965-41F5-B4E2-21E8795C9159}.Release|x64.Build.0 = Release|x64
		{3A214E06-B95E-4D61-A291-1F8DF2EC10FD}.Debug|Win32.ActiveCfg = Debug|Win32
		{3A214E06-B95E-4D61-A291-1F8DF2EC10FD}.Debug|Win32.Build.0 = Debug|Win32
		{3A214E06-B95E-4D61-A291-1F8DF2EC10FD}.Debug|x64.ActiveCfg = Debug|x64
		{3A214E06-B95E-4D61-A291-1F8DF2EC10FD}.Debug|x64.Build.0 = Debug|x64
		{3A214E06-B95E-4D61-A291-1F8DF2EC10FD}.Release|Win32.ActiveCfg = Release|Win32
		{3A214E06-B95E-4D61-A291-1F8DF2EC10FD}.Release|Win32.Build.0 = Release|Win32
		{3A214E06-B95E-4D61-A291-1F8DF2EC10FD}.Release|x64.ActiveCfg = Release|x64
		{3A214E06-B95E-4D61-A291-1F8DF2EC10FD}.Release|x64.Build.0 = Release|x64
		{CEBDE98B-A6AA-46E6-BC79-FAAF823DB9EC}.Debug|Win32.ActiveCfg = Debug|Win32
		{CEBDE98B-A6AA-46E6-BC79-FAAF823DB9EC}.Debug|Win32.Build.0 = Debug|Win32
		{CEBDE98B-A6AA-46E6-BC79-FAAF823DB9EC}.Debug|x64.ActiveCfg = Debug|x64
		{CEBDE98B-A6AA-46E6-BC79-FAAF823DB9EC}.Debug|x64.Build.0 = Debug|x64
		{CEBDE98B-A6AA-46E6-BC79-FAAF823DB9EC}.Release|Win32.ActiveCfg = Release|Win32
		{CEBDE98B-A6AA-46E6-BC79-FAAF823DB9EC}.Release|Win32.Build.0 = Release|Win32
		{CEBDE98B-A6AA-46E6-BC79-FAAF823DB9EC}.Release|x64.ActiveCfg = Release|x64
		{CEBDE98B-A6AA-46E6-BC79-FAAF823DB9EC}.Release|x64.Build.0 = Release|x64
	EndGlobalSection
	GlobalSection(SolutionProperties) = preSolution
		HideSolutionNode = FALSE
	EndGlobalSection
	GlobalSection(NestedProjects) = preSolution
		{15CBFEFF-7965-41F5-B4E2-21E8795C9159} = {D2C06A46-BBE9-4FF1-A617-25CF5B2780FC}
		{3A214E06-B95E-4D61-A291-1F8DF2EC10FD} = {719719CE-89DD-4DE1-96C9-26711A126330}
		{CEBDE98B-A6AA-46E6-BC79-FAAF823DB9EC} = {719719CE-89DD-4DE1-96C9-26711A126330}
	EndGlobalSection
	GlobalSection(ExtensibilityGlobals) = postSolution
		SolutionGuid = {6B8CACEB-9D3D-4EA2-9833-06DC3489571B}
	EndGlobalSection
EndGlobal
