
Microsoft Visual Studio Solution File, Format Version 11.00
# Visual C++ Express 2010
Project("{8BC9CEB8-8B4A-11D0-8D11-00A0C91BC942}") = "graphic", "graphic\graphic.vcxproj", "{195EDF02-5A34-45F3-9330-DA6ED8CEB4DE}"
	ProjectSection(ProjectDependencies) = postProject
		{7CC2860A-273F-4908-8235-1EC880D13346} = {7CC2860A-273F-4908-8235-1EC880D13346}
	EndProjectSection
EndProject
Project("{8BC9CEB8-8B4A-11D0-8D11-00A0C91BC942}") = "auxtools", "auxtools\auxtools.vcxproj", "{6A6AC2F6-328C-4B0D-BD6F-84C9C5B9BBBA}"
EndProject
Project("{8BC9CEB8-8B4A-11D0-8D11-00A0C91BC942}") = "astro", "astro\astro.vcxproj", "{E7C76931-F5F2-493F-AD17-A592D6DC20DC}"
EndProject
Project("{8BC9CEB8-8B4A-11D0-8D11-00A0C91BC942}") = "logger", "logger\logger.vcxproj", "{4081A07D-A03F-4E9A-AEF9-2D8E303311A9}"
EndProject
Project("{8BC9CEB8-8B4A-11D0-8D11-00A0C91BC942}") = "socket", "socket\socket.vcxproj", "{7B39960B-D346-465D-A9D0-8FDA45A62664}"
EndProject
Project("{8BC9CEB8-8B4A-11D0-8D11-00A0C91BC942}") = "sound", "sound\sound.vcxproj", "{7CC2860A-273F-4908-8235-1EC880D13346}"
EndProject
Project("{8BC9CEB8-8B4A-11D0-8D11-00A0C91BC942}") = "mjcore", "mjcore\mjcore.vcxproj", "{A1E77779-D7A8-4C1C-9D52-53586D6AA58A}"
	ProjectSection(ProjectDependencies) = postProject
		{195EDF02-5A34-45F3-9330-DA6ED8CEB4DE} = {195EDF02-5A34-45F3-9330-DA6ED8CEB4DE}
		{7CC2860A-273F-4908-8235-1EC880D13346} = {7CC2860A-273F-4908-8235-1EC880D13346}
		{7B39960B-D346-465D-A9D0-8FDA45A62664} = {7B39960B-D346-465D-A9D0-8FDA45A62664}
		{E7C76931-F5F2-493F-AD17-A592D6DC20DC} = {E7C76931-F5F2-493F-AD17-A592D6DC20DC}
		{6A6AC2F6-328C-4B0D-BD6F-84C9C5B9BBBA} = {6A6AC2F6-328C-4B0D-BD6F-84C9C5B9BBBA}
	EndProjectSection
EndProject
Project("{8BC9CEB8-8B4A-11D0-8D11-00A0C91BC942}") = "mihajong", "mihajong\mihajong.vcxproj", "{C808268F-5339-46B2-A811-1DECCEE1191D}"
	ProjectSection(ProjectDependencies) = postProject
		{195EDF02-5A34-45F3-9330-DA6ED8CEB4DE} = {195EDF02-5A34-45F3-9330-DA6ED8CEB4DE}
		{A1E77779-D7A8-4C1C-9D52-53586D6AA58A} = {A1E77779-D7A8-4C1C-9D52-53586D6AA58A}
	EndProjectSection
EndProject
Project("{8BC9CEB8-8B4A-11D0-8D11-00A0C91BC942}") = "mihasanm", "mihajong\mihasanm.vcxproj", "{17AF237F-8B6D-406A-8A56-987D03D3397F}"
	ProjectSection(ProjectDependencies) = postProject
		{195EDF02-5A34-45F3-9330-DA6ED8CEB4DE} = {195EDF02-5A34-45F3-9330-DA6ED8CEB4DE}
		{A1E77779-D7A8-4C1C-9D52-53586D6AA58A} = {A1E77779-D7A8-4C1C-9D52-53586D6AA58A}
		{C808268F-5339-46B2-A811-1DECCEE1191D} = {C808268F-5339-46B2-A811-1DECCEE1191D}
	EndProjectSection
EndProject
Project("{8BC9CEB8-8B4A-11D0-8D11-00A0C91BC942}") = "mihaysnm", "mihajong\mihaysnm.vcxproj", "{27244CEE-FABD-4DBB-B22B-62EDE623C754}"
	ProjectSection(ProjectDependencies) = postProject
		{195EDF02-5A34-45F3-9330-DA6ED8CEB4DE} = {195EDF02-5A34-45F3-9330-DA6ED8CEB4DE}
		{A1E77779-D7A8-4C1C-9D52-53586D6AA58A} = {A1E77779-D7A8-4C1C-9D52-53586D6AA58A}
		{17AF237F-8B6D-406A-8A56-987D03D3397F} = {17AF237F-8B6D-406A-8A56-987D03D3397F}
		{C808268F-5339-46B2-A811-1DECCEE1191D} = {C808268F-5339-46B2-A811-1DECCEE1191D}
	EndProjectSection
EndProject
Project("{8BC9CEB8-8B4A-11D0-8D11-00A0C91BC942}") = "mihassnm", "mihajong\mihassnm.vcxproj", "{8C453D50-8E79-4AF7-8BD3-69955DAF3C6D}"
	ProjectSection(ProjectDependencies) = postProject
		{195EDF02-5A34-45F3-9330-DA6ED8CEB4DE} = {195EDF02-5A34-45F3-9330-DA6ED8CEB4DE}
		{A1E77779-D7A8-4C1C-9D52-53586D6AA58A} = {A1E77779-D7A8-4C1C-9D52-53586D6AA58A}
		{17AF237F-8B6D-406A-8A56-987D03D3397F} = {17AF237F-8B6D-406A-8A56-987D03D3397F}
		{C808268F-5339-46B2-A811-1DECCEE1191D} = {C808268F-5339-46B2-A811-1DECCEE1191D}
		{27244CEE-FABD-4DBB-B22B-62EDE623C754} = {27244CEE-FABD-4DBB-B22B-62EDE623C754}
	EndProjectSection
EndProject
Global
	GlobalSection(SolutionConfigurationPlatforms) = preSolution
		Debug(Wide)|Win32 = Debug(Wide)|Win32
		Debug|Win32 = Debug|Win32
		Release(Wide)|Win32 = Release(Wide)|Win32
		Release|Win32 = Release|Win32
	EndGlobalSection
	GlobalSection(ProjectConfigurationPlatforms) = postSolution
		{195EDF02-5A34-45F3-9330-DA6ED8CEB4DE}.Debug(Wide)|Win32.ActiveCfg = Debug(Wide)|Win32
		{195EDF02-5A34-45F3-9330-DA6ED8CEB4DE}.Debug(Wide)|Win32.Build.0 = Debug(Wide)|Win32
		{195EDF02-5A34-45F3-9330-DA6ED8CEB4DE}.Debug|Win32.ActiveCfg = Debug|Win32
		{195EDF02-5A34-45F3-9330-DA6ED8CEB4DE}.Debug|Win32.Build.0 = Debug|Win32
		{195EDF02-5A34-45F3-9330-DA6ED8CEB4DE}.Release(Wide)|Win32.ActiveCfg = Release(Wide)|Win32
		{195EDF02-5A34-45F3-9330-DA6ED8CEB4DE}.Release(Wide)|Win32.Build.0 = Release(Wide)|Win32
		{195EDF02-5A34-45F3-9330-DA6ED8CEB4DE}.Release|Win32.ActiveCfg = Release|Win32
		{195EDF02-5A34-45F3-9330-DA6ED8CEB4DE}.Release|Win32.Build.0 = Release|Win32
		{6A6AC2F6-328C-4B0D-BD6F-84C9C5B9BBBA}.Debug(Wide)|Win32.ActiveCfg = Debug(Wide)|Win32
		{6A6AC2F6-328C-4B0D-BD6F-84C9C5B9BBBA}.Debug(Wide)|Win32.Build.0 = Debug(Wide)|Win32
		{6A6AC2F6-328C-4B0D-BD6F-84C9C5B9BBBA}.Debug|Win32.ActiveCfg = Debug|Win32
		{6A6AC2F6-328C-4B0D-BD6F-84C9C5B9BBBA}.Debug|Win32.Build.0 = Debug|Win32
		{6A6AC2F6-328C-4B0D-BD6F-84C9C5B9BBBA}.Release(Wide)|Win32.ActiveCfg = Release(Wide)|Win32
		{6A6AC2F6-328C-4B0D-BD6F-84C9C5B9BBBA}.Release(Wide)|Win32.Build.0 = Release(Wide)|Win32
		{6A6AC2F6-328C-4B0D-BD6F-84C9C5B9BBBA}.Release|Win32.ActiveCfg = Release|Win32
		{6A6AC2F6-328C-4B0D-BD6F-84C9C5B9BBBA}.Release|Win32.Build.0 = Release|Win32
		{E7C76931-F5F2-493F-AD17-A592D6DC20DC}.Debug(Wide)|Win32.ActiveCfg = Debug(Wide)|Win32
		{E7C76931-F5F2-493F-AD17-A592D6DC20DC}.Debug(Wide)|Win32.Build.0 = Debug(Wide)|Win32
		{E7C76931-F5F2-493F-AD17-A592D6DC20DC}.Debug|Win32.ActiveCfg = Debug|Win32
		{E7C76931-F5F2-493F-AD17-A592D6DC20DC}.Debug|Win32.Build.0 = Debug|Win32
		{E7C76931-F5F2-493F-AD17-A592D6DC20DC}.Release(Wide)|Win32.ActiveCfg = Release(Wide)|Win32
		{E7C76931-F5F2-493F-AD17-A592D6DC20DC}.Release(Wide)|Win32.Build.0 = Release(Wide)|Win32
		{E7C76931-F5F2-493F-AD17-A592D6DC20DC}.Release|Win32.ActiveCfg = Release|Win32
		{E7C76931-F5F2-493F-AD17-A592D6DC20DC}.Release|Win32.Build.0 = Release|Win32
		{4081A07D-A03F-4E9A-AEF9-2D8E303311A9}.Debug(Wide)|Win32.ActiveCfg = Debug(Wide)|Win32
		{4081A07D-A03F-4E9A-AEF9-2D8E303311A9}.Debug(Wide)|Win32.Build.0 = Debug(Wide)|Win32
		{4081A07D-A03F-4E9A-AEF9-2D8E303311A9}.Debug|Win32.ActiveCfg = Debug|Win32
		{4081A07D-A03F-4E9A-AEF9-2D8E303311A9}.Debug|Win32.Build.0 = Debug|Win32
		{4081A07D-A03F-4E9A-AEF9-2D8E303311A9}.Release(Wide)|Win32.ActiveCfg = Release(Wide)|Win32
		{4081A07D-A03F-4E9A-AEF9-2D8E303311A9}.Release|Win32.ActiveCfg = Release|Win32
		{7B39960B-D346-465D-A9D0-8FDA45A62664}.Debug(Wide)|Win32.ActiveCfg = Debug(Wide)|Win32
		{7B39960B-D346-465D-A9D0-8FDA45A62664}.Debug(Wide)|Win32.Build.0 = Debug(Wide)|Win32
		{7B39960B-D346-465D-A9D0-8FDA45A62664}.Debug|Win32.ActiveCfg = Debug|Win32
		{7B39960B-D346-465D-A9D0-8FDA45A62664}.Debug|Win32.Build.0 = Debug|Win32
		{7B39960B-D346-465D-A9D0-8FDA45A62664}.Release(Wide)|Win32.ActiveCfg = Release(Wide)|Win32
		{7B39960B-D346-465D-A9D0-8FDA45A62664}.Release(Wide)|Win32.Build.0 = Release(Wide)|Win32
		{7B39960B-D346-465D-A9D0-8FDA45A62664}.Release|Win32.ActiveCfg = Release|Win32
		{7B39960B-D346-465D-A9D0-8FDA45A62664}.Release|Win32.Build.0 = Release|Win32
		{7CC2860A-273F-4908-8235-1EC880D13346}.Debug(Wide)|Win32.ActiveCfg = Debug(Wide)|Win32
		{7CC2860A-273F-4908-8235-1EC880D13346}.Debug(Wide)|Win32.Build.0 = Debug(Wide)|Win32
		{7CC2860A-273F-4908-8235-1EC880D13346}.Debug|Win32.ActiveCfg = Debug|Win32
		{7CC2860A-273F-4908-8235-1EC880D13346}.Debug|Win32.Build.0 = Debug|Win32
		{7CC2860A-273F-4908-8235-1EC880D13346}.Release(Wide)|Win32.ActiveCfg = Release(Wide)|Win32
		{7CC2860A-273F-4908-8235-1EC880D13346}.Release(Wide)|Win32.Build.0 = Release(Wide)|Win32
		{7CC2860A-273F-4908-8235-1EC880D13346}.Release|Win32.ActiveCfg = Release|Win32
		{7CC2860A-273F-4908-8235-1EC880D13346}.Release|Win32.Build.0 = Release|Win32
		{A1E77779-D7A8-4C1C-9D52-53586D6AA58A}.Debug(Wide)|Win32.ActiveCfg = Debug(Wide)|Win32
		{A1E77779-D7A8-4C1C-9D52-53586D6AA58A}.Debug(Wide)|Win32.Build.0 = Debug(Wide)|Win32
		{A1E77779-D7A8-4C1C-9D52-53586D6AA58A}.Debug|Win32.ActiveCfg = Debug|Win32
		{A1E77779-D7A8-4C1C-9D52-53586D6AA58A}.Debug|Win32.Build.0 = Debug|Win32
		{A1E77779-D7A8-4C1C-9D52-53586D6AA58A}.Release(Wide)|Win32.ActiveCfg = Release(Wide)|Win32
		{A1E77779-D7A8-4C1C-9D52-53586D6AA58A}.Release(Wide)|Win32.Build.0 = Release(Wide)|Win32
		{A1E77779-D7A8-4C1C-9D52-53586D6AA58A}.Release|Win32.ActiveCfg = Release|Win32
		{A1E77779-D7A8-4C1C-9D52-53586D6AA58A}.Release|Win32.Build.0 = Release|Win32
		{C808268F-5339-46B2-A811-1DECCEE1191D}.Debug(Wide)|Win32.ActiveCfg = Debug(Wide)|Win32
		{C808268F-5339-46B2-A811-1DECCEE1191D}.Debug(Wide)|Win32.Build.0 = Debug(Wide)|Win32
		{C808268F-5339-46B2-A811-1DECCEE1191D}.Debug|Win32.ActiveCfg = Debug|Win32
		{C808268F-5339-46B2-A811-1DECCEE1191D}.Debug|Win32.Build.0 = Debug|Win32
		{C808268F-5339-46B2-A811-1DECCEE1191D}.Release(Wide)|Win32.ActiveCfg = Release(Wide)|Win32
		{C808268F-5339-46B2-A811-1DECCEE1191D}.Release(Wide)|Win32.Build.0 = Release(Wide)|Win32
		{C808268F-5339-46B2-A811-1DECCEE1191D}.Release|Win32.ActiveCfg = Release|Win32
		{C808268F-5339-46B2-A811-1DECCEE1191D}.Release|Win32.Build.0 = Release|Win32
		{17AF237F-8B6D-406A-8A56-987D03D3397F}.Debug(Wide)|Win32.ActiveCfg = Debug(Wide)|Win32
		{17AF237F-8B6D-406A-8A56-987D03D3397F}.Debug(Wide)|Win32.Build.0 = Debug(Wide)|Win32
		{17AF237F-8B6D-406A-8A56-987D03D3397F}.Debug|Win32.ActiveCfg = Debug|Win32
		{17AF237F-8B6D-406A-8A56-987D03D3397F}.Debug|Win32.Build.0 = Debug|Win32
		{17AF237F-8B6D-406A-8A56-987D03D3397F}.Release(Wide)|Win32.ActiveCfg = Release(Wide)|Win32
		{17AF237F-8B6D-406A-8A56-987D03D3397F}.Release(Wide)|Win32.Build.0 = Release(Wide)|Win32
		{17AF237F-8B6D-406A-8A56-987D03D3397F}.Release|Win32.ActiveCfg = Release|Win32
		{17AF237F-8B6D-406A-8A56-987D03D3397F}.Release|Win32.Build.0 = Release|Win32
		{27244CEE-FABD-4DBB-B22B-62EDE623C754}.Debug(Wide)|Win32.ActiveCfg = Debug(Wide)|Win32
		{27244CEE-FABD-4DBB-B22B-62EDE623C754}.Debug(Wide)|Win32.Build.0 = Debug(Wide)|Win32
		{27244CEE-FABD-4DBB-B22B-62EDE623C754}.Debug|Win32.ActiveCfg = Debug|Win32
		{27244CEE-FABD-4DBB-B22B-62EDE623C754}.Debug|Win32.Build.0 = Debug|Win32
		{27244CEE-FABD-4DBB-B22B-62EDE623C754}.Release(Wide)|Win32.ActiveCfg = Release(Wide)|Win32
		{27244CEE-FABD-4DBB-B22B-62EDE623C754}.Release(Wide)|Win32.Build.0 = Release(Wide)|Win32
		{27244CEE-FABD-4DBB-B22B-62EDE623C754}.Release|Win32.ActiveCfg = Release|Win32
		{27244CEE-FABD-4DBB-B22B-62EDE623C754}.Release|Win32.Build.0 = Release|Win32
		{8C453D50-8E79-4AF7-8BD3-69955DAF3C6D}.Debug(Wide)|Win32.ActiveCfg = Debug(Wide)|Win32
		{8C453D50-8E79-4AF7-8BD3-69955DAF3C6D}.Debug(Wide)|Win32.Build.0 = Debug(Wide)|Win32
		{8C453D50-8E79-4AF7-8BD3-69955DAF3C6D}.Debug|Win32.ActiveCfg = Debug|Win32
		{8C453D50-8E79-4AF7-8BD3-69955DAF3C6D}.Debug|Win32.Build.0 = Debug|Win32
		{8C453D50-8E79-4AF7-8BD3-69955DAF3C6D}.Release(Wide)|Win32.ActiveCfg = Release(Wide)|Win32
		{8C453D50-8E79-4AF7-8BD3-69955DAF3C6D}.Release(Wide)|Win32.Build.0 = Release(Wide)|Win32
		{8C453D50-8E79-4AF7-8BD3-69955DAF3C6D}.Release|Win32.ActiveCfg = Release|Win32
		{8C453D50-8E79-4AF7-8BD3-69955DAF3C6D}.Release|Win32.Build.0 = Release|Win32
	EndGlobalSection
	GlobalSection(SolutionProperties) = preSolution
		HideSolutionNode = FALSE
	EndGlobalSection
EndGlobal
