<?xml version="1.0" encoding="utf-8"?>
<Project ToolsVersion="4.0" xmlns="http://schemas.microsoft.com/developer/msbuild/2003">
  <ItemGroup>
    <Filter Include="ソース ファイル">
      <UniqueIdentifier>{4FC737F1-C7A5-4376-A066-2A32D752A2FF}</UniqueIdentifier>
      <Extensions>cpp;c;cc;cxx;def;odl;idl;hpj;bat;asm;asmx</Extensions>
    </Filter>
    <Filter Include="ヘッダー ファイル">
      <UniqueIdentifier>{93995380-89BD-4b04-88EB-625FBE52EBFB}</UniqueIdentifier>
      <Extensions>h;hpp;hxx;hm;inl;inc;xsd</Extensions>
    </Filter>
    <Filter Include="リソース ファイル">
      <UniqueIdentifier>{67DA6AB6-F800-4c08-8B7A-83BB121AAD01}</UniqueIdentifier>
      <Extensions>rc;ico;cur;bmp;dlg;rc2;rct;bin;rgs;gif;jpg;jpeg;jpe;resx;tiff;tif;png;wav;mfcribbon-ms</Extensions>
    </Filter>
    <Filter Include="ヘッダー ファイル\scenes">
      <UniqueIdentifier>{e061d4f3-9895-4401-b6b7-273515d8f32c}</UniqueIdentifier>
    </Filter>
    <Filter Include="ソース ファイル\scenes">
      <UniqueIdentifier>{2280abdb-7010-49a8-8cb7-641a4937c3c3}</UniqueIdentifier>
    </Filter>
    <Filter Include="ソース ファイル\scenes\tablesub">
      <UniqueIdentifier>{68939266-5cc7-49c3-9796-c1c543bffaa8}</UniqueIdentifier>
    </Filter>
    <Filter Include="ヘッダー ファイル\scenes\tablesub">
      <UniqueIdentifier>{4e41f59f-4dc5-4f11-9959-7b0d07a87898}</UniqueIdentifier>
    </Filter>
    <Filter Include="ソース ファイル\scenes\table">
      <UniqueIdentifier>{119c84f2-fab5-4bae-9ddd-cc417b8561de}</UniqueIdentifier>
    </Filter>
    <Filter Include="ヘッダー ファイル\scenes\table">
      <UniqueIdentifier>{b6472560-96c3-416a-a7e7-1c22205928db}</UniqueIdentifier>
    </Filter>
  </ItemGroup>
  <ItemGroup>
    <ClCompile Include="scrmanip.cpp">
      <Filter>ソース ファイル</Filter>
    </ClCompile>
    <ClCompile Include="window.cpp">
      <Filter>ソース ファイル</Filter>
    </ClCompile>
    <ClCompile Include="scenes\fps.cpp">
      <Filter>ソース ファイル\scenes</Filter>
    </ClCompile>
    <ClCompile Include="scenes\table.cpp">
      <Filter>ソース ファイル\scenes</Filter>
    </ClCompile>
    <ClCompile Include="scenes\game.cpp">
      <Filter>ソース ファイル\scenes</Filter>
    </ClCompile>
    <ClCompile Include="init.cpp">
      <Filter>ソース ファイル</Filter>
    </ClCompile>
    <ClCompile Include="showtile.cpp">
      <Filter>ソース ファイル</Filter>
    </ClCompile>
    <ClCompile Include="loadtex.cpp">
      <Filter>ソース ファイル</Filter>
    </ClCompile>
    <ClCompile Include="geometry.cpp">
      <Filter>ソース ファイル</Filter>
    </ClCompile>
    <ClCompile Include="scenes\ruleconf.cpp">
      <Filter>ソース ファイル\scenes</Filter>
    </ClCompile>
    <ClCompile Include="text.cpp">
      <Filter>ソース ファイル</Filter>
    </ClCompile>
    <ClCompile Include="font.cpp">
      <Filter>ソース ファイル</Filter>
    </ClCompile>
    <ClCompile Include="scenes\title.cpp">
      <Filter>ソース ファイル\scenes</Filter>
    </ClCompile>
    <ClCompile Include="gametbl.cpp">
      <Filter>ソース ファイル</Filter>
    </ClCompile>
    <ClCompile Include="sprite.cpp">
      <Filter>ソース ファイル</Filter>
    </ClCompile>
    <ClCompile Include="input.cpp">
      <Filter>ソース ファイル</Filter>
    </ClCompile>
    <ClCompile Include="scenes\splash.cpp">
      <Filter>ソース ファイル\scenes</Filter>
    </ClCompile>
    <ClCompile Include="event.cpp">
      <Filter>ソース ファイル</Filter>
    </ClCompile>
    <ClCompile Include="scenes\sysscr.cpp">
      <Filter>ソース ファイル\scenes</Filter>
    </ClCompile>
    <ClCompile Include="rule.cpp">
      <Filter>ソース ファイル</Filter>
    </ClCompile>
    <ClCompile Include="scenes\proto.cpp">
      <Filter>ソース ファイル\scenes</Filter>
    </ClCompile>
    <ClCompile Include="button.cpp">
      <Filter>ソース ファイル</Filter>
    </ClCompile>
    <ClCompile Include="editbox.cpp">
      <Filter>ソース ファイル</Filter>
    </ClCompile>
    <ClCompile Include="utils.cpp">
      <Filter>ソース ファイル</Filter>
    </ClCompile>
    <ClCompile Include="logwnd.cpp">
      <Filter>ソース ファイル</Filter>
    </ClCompile>
    <ClCompile Include="chrwidth.cpp">
      <Filter>ソース ファイル</Filter>
    </ClCompile>
    <ClCompile Include="calltext.cpp">
      <Filter>ソース ファイル</Filter>
    </ClCompile>
    <ClCompile Include="scenes\tablesub\tablesub.cpp">
      <Filter>ソース ファイル\scenes\tablesub</Filter>
    </ClCompile>
    <ClCompile Include="scenes\tablesub\call.cpp">
      <Filter>ソース ファイル\scenes\tablesub</Filter>
    </ClCompile>
    <ClCompile Include="scenes\tablesub\rndstart.cpp">
      <Filter>ソース ファイル\scenes\tablesub</Filter>
    </ClCompile>
    <ClCompile Include="scenes\tablesub\titling.cpp">
      <Filter>ソース ファイル\scenes\tablesub</Filter>
    </ClCompile>
    <ClCompile Include="scenes\tablesub\chktnpai.cpp">
      <Filter>ソース ファイル\scenes\tablesub</Filter>
    </ClCompile>
    <ClCompile Include="scenes\tablesub\callval.cpp">
      <Filter>ソース ファイル\scenes\tablesub</Filter>
    </ClCompile>
    <ClCompile Include="scenes\tablesub\player.cpp">
      <Filter>ソース ファイル\scenes\tablesub</Filter>
    </ClCompile>
    <ClCompile Include="scenes\table\nakihai.cpp">
      <Filter>ソース ファイル\scenes\table</Filter>
    </ClCompile>
  </ItemGroup>
  <ItemGroup>
    <ClInclude Include="scrmanip.h">
      <Filter>ヘッダー ファイル</Filter>
    </ClInclude>
    <ClInclude Include="window.h">
      <Filter>ヘッダー ファイル</Filter>
    </ClInclude>
    <ClInclude Include="scenes\proto.h">
      <Filter>ヘッダー ファイル\scenes</Filter>
    </ClInclude>
    <ClInclude Include="scenes\scenes.h">
      <Filter>ヘッダー ファイル\scenes</Filter>
    </ClInclude>
    <ClInclude Include="scenes\fps.h">
      <Filter>ヘッダー ファイル\scenes</Filter>
    </ClInclude>
    <ClInclude Include="scenes\table.h">
      <Filter>ヘッダー ファイル\scenes</Filter>
    </ClInclude>
    <ClInclude Include="scenes\game.h">
      <Filter>ヘッダー ファイル\scenes</Filter>
    </ClInclude>
    <ClInclude Include="init.h">
      <Filter>ヘッダー ファイル</Filter>
    </ClInclude>
    <ClInclude Include="resource.h">
      <Filter>ヘッダー ファイル</Filter>
    </ClInclude>
    <ClInclude Include="showtile.h">
      <Filter>ヘッダー ファイル</Filter>
    </ClInclude>
    <ClInclude Include="loadtex.h">
      <Filter>ヘッダー ファイル</Filter>
    </ClInclude>
    <ClInclude Include="geometry.h">
      <Filter>ヘッダー ファイル</Filter>
    </ClInclude>
    <ClInclude Include="scenes\ruleconf.h">
      <Filter>ヘッダー ファイル\scenes</Filter>
    </ClInclude>
    <ClInclude Include="text.h">
      <Filter>ヘッダー ファイル</Filter>
    </ClInclude>
    <ClInclude Include="font.h">
      <Filter>ヘッダー ファイル</Filter>
    </ClInclude>
    <ClInclude Include="scenes\title.h">
      <Filter>ヘッダー ファイル\scenes</Filter>
    </ClInclude>
    <ClInclude Include="gametbl.h">
      <Filter>ヘッダー ファイル</Filter>
    </ClInclude>
    <ClInclude Include="exports.h">
      <Filter>ヘッダー ファイル</Filter>
    </ClInclude>
    <ClInclude Include="sprite.h">
      <Filter>ヘッダー ファイル</Filter>
    </ClInclude>
    <ClInclude Include="input.h">
      <Filter>ヘッダー ファイル</Filter>
    </ClInclude>
    <ClInclude Include="scenes\splash.h">
      <Filter>ヘッダー ファイル\scenes</Filter>
    </ClInclude>
    <ClInclude Include="event.h">
      <Filter>ヘッダー ファイル</Filter>
    </ClInclude>
    <ClInclude Include="scenes\scene_id.h">
      <Filter>ヘッダー ファイル\scenes</Filter>
    </ClInclude>
    <ClInclude Include="scenes\sysscr.h">
      <Filter>ヘッダー ファイル\scenes</Filter>
    </ClInclude>
    <ClInclude Include="rule.h">
      <Filter>ヘッダー ファイル</Filter>
    </ClInclude>
    <ClInclude Include="button.h">
      <Filter>ヘッダー ファイル</Filter>
    </ClInclude>
    <ClInclude Include="editbox.h">
      <Filter>ヘッダー ファイル</Filter>
    </ClInclude>
    <ClInclude Include="extchar.h">
      <Filter>ヘッダー ファイル</Filter>
    </ClInclude>
    <ClInclude Include="utils.h">
      <Filter>ヘッダー ファイル</Filter>
    </ClInclude>
    <ClInclude Include="logwnd.h">
      <Filter>ヘッダー ファイル</Filter>
    </ClInclude>
    <ClInclude Include="chrwidth.h">
      <Filter>ヘッダー ファイル</Filter>
    </ClInclude>
    <ClInclude Include="calltext.h">
      <Filter>ヘッダー ファイル</Filter>
    </ClInclude>
    <ClInclude Include="scenes\tablesub\tablesub.h">
      <Filter>ヘッダー ファイル\scenes\tablesub</Filter>
    </ClInclude>
    <ClInclude Include="scenes\tablesub\tblsubs.h">
      <Filter>ヘッダー ファイル\scenes\tablesub</Filter>
    </ClInclude>
    <ClInclude Include="scenes\tablesub\tblnorm.h">
      <Filter>ヘッダー ファイル\scenes\tablesub</Filter>
    </ClInclude>
    <ClInclude Include="scenes\tablesub\call.h">
      <Filter>ヘッダー ファイル\scenes\tablesub</Filter>
    </ClInclude>
    <ClInclude Include="scenes\tablesub\rndstart.h">
      <Filter>ヘッダー ファイル\scenes\tablesub</Filter>
    </ClInclude>
    <ClInclude Include="scenes\tablesub\titling.h">
      <Filter>ヘッダー ファイル\scenes\tablesub</Filter>
    </ClInclude>
    <ClInclude Include="scenes\tablesub\chktnpai.h">
      <Filter>ヘッダー ファイル\scenes\tablesub</Filter>
    </ClInclude>
    <ClInclude Include="scenes\tablesub\callval.h">
      <Filter>ヘッダー ファイル\scenes\tablesub</Filter>
    </ClInclude>
    <ClInclude Include="scenes\tablesub\player.h">
      <Filter>ヘッダー ファイル\scenes\tablesub</Filter>
    </ClInclude>
    <ClInclude Include="scenes\table\nakihai.h">
      <Filter>ヘッダー ファイル\scenes\table</Filter>
    </ClInclude>
  </ItemGroup>
  <ItemGroup>
    <ResourceCompile Include="graphic.rc">
      <Filter>リソース ファイル</Filter>
    </ResourceCompile>
  </ItemGroup>
</Project>