<?xml version="1.0" encoding="utf-8"?>
<Project ToolsVersion="4.0" xmlns="http://schemas.microsoft.com/developer/msbuild/2003">
  <ItemGroup>
    <Filter Include="ソース ファイル">
      <UniqueIdentifier>{4FC737F1-C7A5-4376-A066-2A32D752A2FF}</UniqueIdentifier>
      <Extensions>cpp;c;cc;cxx;def;odl;idl;hpj;bat;asm;asmx</Extensions>
    </Filter>
    <Filter Include="ヘッダー ファイル">
      <UniqueIdentifier>{93995380-89BD-4b04-88EB-625FBE52EBFB}</UniqueIdentifier>
      <Extensions>h;hh;hpp;hxx;hm;inl;inc;ipp;xsd</Extensions>
    </Filter>
    <Filter Include="リソース ファイル">
      <UniqueIdentifier>{67DA6AB6-F800-4c08-8B7A-83BB121AAD01}</UniqueIdentifier>
      <Extensions>rc;ico;cur;bmp;dlg;rc2;rct;bin;rgs;gif;jpg;jpeg;jpe;resx;tiff;tif;png;wav;mfcribbon-ms</Extensions>
    </Filter>
    <Filter Include="ヘッダー ファイル\reader">
      <UniqueIdentifier>{08e180a5-07b4-4abe-9e9a-bc834b5fad88}</UniqueIdentifier>
    </Filter>
    <Filter Include="ソース ファイル\reader">
      <UniqueIdentifier>{95b3c16d-5aac-4c68-b706-3071b0772238}</UniqueIdentifier>
    </Filter>
    <Filter Include="ヘッダー ファイル\common">
      <UniqueIdentifier>{1e0875be-9094-4331-a044-d580c70a876e}</UniqueIdentifier>
    </Filter>
    <Filter Include="ソース ファイル\conffile">
      <UniqueIdentifier>{c471d3ca-06f9-4be4-9fb5-5d9b577adc28}</UniqueIdentifier>
    </Filter>
    <Filter Include="ヘッダー ファイル\conffile">
      <UniqueIdentifier>{372a396c-7ce6-4e6f-8502-5a1c2288486d}</UniqueIdentifier>
    </Filter>
  </ItemGroup>
  <ItemGroup>
    <ClCompile Include="controls.cpp">
      <Filter>ソース ファイル</Filter>
    </ClCompile>
    <ClCompile Include="dialog.cpp">
      <Filter>ソース ファイル</Filter>
    </ClCompile>
    <ClCompile Include="..\mjcore\reader\ini2map.cpp">
      <Filter>ソース ファイル\reader</Filter>
    </ClCompile>
    <ClCompile Include="config.cpp">
      <Filter>ソース ファイル</Filter>
    </ClCompile>
    <ClCompile Include="..\mjcore\conffile\conffile.cpp">
      <Filter>ソース ファイル\conffile</Filter>
    </ClCompile>
  </ItemGroup>
  <ItemGroup>
    <ClInclude Include="resource.h">
      <Filter>ヘッダー ファイル</Filter>
    </ClInclude>
    <ClInclude Include="controls.h">
      <Filter>ヘッダー ファイル</Filter>
    </ClInclude>
    <ClInclude Include="dialog.h">
      <Filter>ヘッダー ファイル</Filter>
    </ClInclude>
    <ClInclude Include="..\mjcore\reader\ini2map.h">
      <Filter>ヘッダー ファイル\reader</Filter>
    </ClInclude>
    <ClInclude Include="..\common\strcode.h">
      <Filter>ヘッダー ファイル\common</Filter>
    </ClInclude>
    <ClInclude Include="config.h">
      <Filter>ヘッダー ファイル</Filter>
    </ClInclude>
    <ClInclude Include="..\mjcore\conffile\conffile.h">
      <Filter>ヘッダー ファイル\conffile</Filter>
    </ClInclude>
  </ItemGroup>
  <ItemGroup>
    <ResourceCompile Include="config.rc">
      <Filter>リソース ファイル</Filter>
    </ResourceCompile>
  </ItemGroup>
</Project>