
Microsoft Visual Studio Solution File, Format Version 11.00
# Visual C++ Express 2010
Project("{8BC9CEB8-8B4A-11D0-8D11-00A0C91BC942}") = "mjcore", "mjcore.vcxproj", "{A1E77779-D7A8-4C1C-9D52-53586D6AA58A}"
	ProjectSection(ProjectDependencies) = postProject
		{7CC2860A-273F-4908-8235-1EC880D13346} = {7CC2860A-273F-4908-8235-1EC880D13346}
		{7B39960B-D346-465D-A9D0-8FDA45A62664} = {7B39960B-D346-465D-A9D0-8FDA45A62664}
		{E7C76931-F5F2-493F-AD17-A592D6DC20DC} = {E7C76931-F5F2-493F-AD17-A592D6DC20DC}
	EndProjectSection
EndProject
Project("{8BC9CEB8-8B4A-11D0-8D11-00A0C91BC942}") = "logger", "..\logger\logger.vcxproj", "{4081A07D-A03F-4E9A-AEF9-2D8E303311A9}"
EndProject
Project("{8BC9CEB8-8B4A-11D0-8D11-00A0C91BC942}") = "astro", "..\astro\astro.vcxproj", "{E7C76931-F5F2-493F-AD17-A592D6DC20DC}"
EndProject
Project("{8BC9CEB8-8B4A-11D0-8D11-00A0C91BC942}") = "socket", "..\socket\socket.vcxproj", "{7B39960B-D346-465D-A9D0-8FDA45A62664}"
EndProject
Project("{8BC9CEB8-8B4A-11D0-8D11-00A0C91BC942}") = "sound", "..\sound\sound.vcxproj", "{7CC2860A-273F-4908-8235-1EC880D13346}"
EndProject
Global
	GlobalSection(SolutionConfigurationPlatforms) = preSolution
		Debug(Wide)|Win32 = Debug(Wide)|Win32
		Debug|Win32 = Debug|Win32
		Release(Wide)|Win32 = Release(Wide)|Win32
		Release|Win32 = Release|Win32
	EndGlobalSection
	GlobalSection(ProjectConfigurationPlatforms) = postSolution
		{A1E77779-D7A8-4C1C-9D52-53586D6AA58A}.Debug(Wide)|Win32.ActiveCfg = Debug(Wide)|Win32
		{A1E77779-D7A8-4C1C-9D52-53586D6AA58A}.Debug(Wide)|Win32.Build.0 = Debug(Wide)|Win32
		{A1E77779-D7A8-4C1C-9D52-53586D6AA58A}.Debug|Win32.ActiveCfg = Debug|Win32
		{A1E77779-D7A8-4C1C-9D52-53586D6AA58A}.Debug|Win32.Build.0 = Debug|Win32
		{A1E77779-D7A8-4C1C-9D52-53586D6AA58A}.Release(Wide)|Win32.ActiveCfg = Release(Wide)|Win32
		{A1E77779-D7A8-4C1C-9D52-53586D6AA58A}.Release(Wide)|Win32.Build.0 = Release(Wide)|Win32
		{A1E77779-D7A8-4C1C-9D52-53586D6AA58A}.Release|Win32.ActiveCfg = Release|Win32
		{A1E77779-D7A8-4C1C-9D52-53586D6AA58A}.Release|Win32.Build.0 = Release|Win32
		{4081A07D-A03F-4E9A-AEF9-2D8E303311A9}.Debug(Wide)|Win32.ActiveCfg = Debug(Wide)|Win32
		{4081A07D-A03F-4E9A-AEF9-2D8E303311A9}.Debug(Wide)|Win32.Build.0 = Debug(Wide)|Win32
		{4081A07D-A03F-4E9A-AEF9-2D8E303311A9}.Debug|Win32.ActiveCfg = Debug|Win32
		{4081A07D-A03F-4E9A-AEF9-2D8E303311A9}.Debug|Win32.Build.0 = Debug|Win32
		{4081A07D-A03F-4E9A-AEF9-2D8E303311A9}.Release(Wide)|Win32.ActiveCfg = Release(Wide)|Win32
		{4081A07D-A03F-4E9A-AEF9-2D8E303311A9}.Release(Wide)|Win32.Build.0 = Release(Wide)|Win32
		{4081A07D-A03F-4E9A-AEF9-2D8E303311A9}.Release|Win32.ActiveCfg = Release|Win32
		{4081A07D-A03F-4E9A-AEF9-2D8E303311A9}.Release|Win32.Build.0 = Release|Win32
		{E7C76931-F5F2-493F-AD17-A592D6DC20DC}.Debug(Wide)|Win32.ActiveCfg = Debug(Wide)|Win32
		{E7C76931-F5F2-493F-AD17-A592D6DC20DC}.Debug(Wide)|Win32.Build.0 = Debug(Wide)|Win32
		{E7C76931-F5F2-493F-AD17-A592D6DC20DC}.Debug|Win32.ActiveCfg = Debug|Win32
		{E7C76931-F5F2-493F-AD17-A592D6DC20DC}.Debug|Win32.Build.0 = Debug|Win32
		{E7C76931-F5F2-493F-AD17-A592D6DC20DC}.Release(Wide)|Win32.ActiveCfg = Release(Wide)|Win32
		{E7C76931-F5F2-493F-AD17-A592D6DC20DC}.Release(Wide)|Win32.Build.0 = Release(Wide)|Win32
		{E7C76931-F5F2-493F-AD17-A592D6DC20DC}.Release|Win32.ActiveCfg = Release|Win32
		{E7C76931-F5F2-493F-AD17-A592D6DC20DC}.Release|Win32.Build.0 = Release|Win32
		{7B39960B-D346-465D-A9D0-8FDA45A62664}.Debug(Wide)|Win32.ActiveCfg = Debug(Wide)|Win32
		{7B39960B-D346-465D-A9D0-8FDA45A62664}.Debug(Wide)|Win32.Build.0 = Debug(Wide)|Win32
		{7B39960B-D346-465D-A9D0-8FDA45A62664}.Debug|Win32.ActiveCfg = Debug|Win32
		{7B39960B-D346-465D-A9D0-8FDA45A62664}.Debug|Win32.Build.0 = Debug|Win32
		{7B39960B-D346-465D-A9D0-8FDA45A62664}.Release(Wide)|Win32.ActiveCfg = Release(Wide)|Win32
		{7B39960B-D346-465D-A9D0-8FDA45A62664}.Release(Wide)|Win32.Build.0 = Release(Wide)|Win32
		{7B39960B-D346-465D-A9D0-8FDA45A62664}.Release|Win32.ActiveCfg = Release|Win32
		{7B39960B-D346-465D-A9D0-8FDA45A62664}.Release|Win32.Build.0 = Release|Win32
		{7CC2860A-273F-4908-8235-1EC880D13346}.Debug|Win32.ActiveCfg = Debug|Win32
		{7CC2860A-273F-4908-8235-1EC880D13346}.Debug|Win32.Build.0 = Debug|Win32
		{7CC2860A-273F-4908-8235-1EC880D13346}.Release|Win32.ActiveCfg = Release|Win32
		{7CC2860A-273F-4908-8235-1EC880D13346}.Release|Win32.Build.0 = Release|Win32
	EndGlobalSection
	GlobalSection(SolutionProperties) = preSolution
		HideSolutionNode = FALSE
	EndGlobalSection
EndGlobal
