<?xml version="1.0" encoding="utf-8"?>
<Project ToolsVersion="4.0" xmlns="http://schemas.microsoft.com/developer/msbuild/2003">
  <ItemGroup>
    <Filter Include="ソース ファイル">
      <UniqueIdentifier>{4FC737F1-C7A5-4376-A066-2A32D752A2FF}</UniqueIdentifier>
      <Extensions>cpp;c;cc;cxx;def;odl;idl;hpj;bat;asm;asmx</Extensions>
    </Filter>
    <Filter Include="ヘッダー ファイル">
      <UniqueIdentifier>{93995380-89BD-4b04-88EB-625FBE52EBFB}</UniqueIdentifier>
      <Extensions>h;hpp;hxx;hm;inl;inc;xsd</Extensions>
    </Filter>
    <Filter Include="リソース ファイル">
      <UniqueIdentifier>{67DA6AB6-F800-4c08-8B7A-83BB121AAD01}</UniqueIdentifier>
      <Extensions>rc;ico;cur;bmp;dlg;rc2;rct;bin;rgs;gif;jpg;jpeg;jpe;resx;tiff;tif;png;wav;mfcribbon-ms</Extensions>
    </Filter>
    <Filter Include="Common">
      <UniqueIdentifier>{d6694642-34f1-472f-9a3e-710e85eac3ee}</UniqueIdentifier>
    </Filter>
    <Filter Include="Common\ヘッダー ファイル">
      <UniqueIdentifier>{f6a2b1ad-f196-4821-9dcd-4024b51911b4}</UniqueIdentifier>
    </Filter>
  </ItemGroup>
  <ItemGroup>
    <ClCompile Include="socket.cpp">
      <Filter>ソース ファイル</Filter>
    </ClCompile>
    <ClCompile Include="class.cpp">
      <Filter>ソース ファイル</Filter>
    </ClCompile>
    <ClCompile Include="server.cpp">
      <Filter>ソース ファイル</Filter>
    </ClCompile>
    <ClCompile Include="client.cpp">
      <Filter>ソース ファイル</Filter>
    </ClCompile>
    <ClCompile Include="logger.cpp">
      <Filter>ソース ファイル</Filter>
    </ClCompile>
  </ItemGroup>
  <ItemGroup>
    <ClInclude Include="socket.h">
      <Filter>ヘッダー ファイル</Filter>
    </ClInclude>
    <ClInclude Include="class.h">
      <Filter>ヘッダー ファイル</Filter>
    </ClInclude>
    <ClInclude Include="except.h">
      <Filter>ヘッダー ファイル</Filter>
    </ClInclude>
    <ClInclude Include="resource.h">
      <Filter>ヘッダー ファイル</Filter>
    </ClInclude>
    <ClInclude Include="server.h">
      <Filter>ヘッダー ファイル</Filter>
    </ClInclude>
    <ClInclude Include="protocol.h">
      <Filter>ヘッダー ファイル</Filter>
    </ClInclude>
    <ClInclude Include="client.h">
      <Filter>ヘッダー ファイル</Filter>
    </ClInclude>
    <ClInclude Include="logger.h">
      <Filter>ヘッダー ファイル</Filter>
    </ClInclude>
    <ClInclude Include="..\common\chrono.h">
      <Filter>Common\ヘッダー ファイル</Filter>
    </ClInclude>
    <ClInclude Include="..\common\clock.h">
      <Filter>Common\ヘッダー ファイル</Filter>
    </ClInclude>
    <ClInclude Include="..\common\mutex.h">
      <Filter>Common\ヘッダー ファイル</Filter>
    </ClInclude>
    <ClInclude Include="..\common\nmrules.h">
      <Filter>Common\ヘッダー ファイル</Filter>
    </ClInclude>
    <ClInclude Include="..\common\sleep.h">
      <Filter>Common\ヘッダー ファイル</Filter>
    </ClInclude>
    <ClInclude Include="..\common\strcode.h">
      <Filter>Common\ヘッダー ファイル</Filter>
    </ClInclude>
    <ClInclude Include="..\common\thread.h">
      <Filter>Common\ヘッダー ファイル</Filter>
    </ClInclude>
    <ClInclude Include="..\common\version.h">
      <Filter>Common\ヘッダー ファイル</Filter>
    </ClInclude>
  </ItemGroup>
  <ItemGroup>
    <ResourceCompile Include="ver.rc">
      <Filter>リソース ファイル</Filter>
    </ResourceCompile>
  </ItemGroup>
</Project>